
Microsoft Visual Studio Solution File, Format Version 12.00
# Visual Studio 15
VisualStudioVersion = 15.0.27703.2000
MinimumVisualStudioVersion = 10.0.40219.1
Project("{9A19103F-16F7-4668-BE54-9A1E7A4F7556}") = "Problem001", "Problem001\Problem001.csproj", "{DFBC5A84-980F-4037-A866-1C9A29B8024D}"
EndProject
Project("{9A19103F-16F7-4668-BE54-9A1E7A4F7556}") = "Problem001.UnitTests", "Problem001.UnitTests\Problem001.UnitTests.csproj", "{AC10DCB6-8797-4FBE-BE1E-974EB0EDBF12}"
EndProject
Project("{2150E333-8FDC-42A3-9474-1A3956D46DE8}") = "Solution Items", "Solution Items", "{EE8B89D2-9D7E-48E4-9DCC-55788DF49BEB}"
	ProjectSection(SolutionItems) = preProject
		README.md = README.md
	EndProjectSection
EndProject
Global
	GlobalSection(SolutionConfigurationPlatforms) = preSolution
		Debug|Any CPU = Debug|Any CPU
		Release|Any CPU = Release|Any CPU
	EndGlobalSection
	GlobalSection(ProjectConfigurationPlatforms) = postSolution
		{DFBC5A84-980F-4037-A866-1C9A29B8024D}.Debug|Any CPU.ActiveCfg = Debug|Any CPU
		{DFBC5A84-980F-4037-A866-1C9A29B8024D}.Debug|Any CPU.Build.0 = Debug|Any CPU
		{DFBC5A84-980F-4037-A866-1C9A29B8024D}.Release|Any CPU.ActiveCfg = Release|Any CPU
		{DFBC5A84-980F-4037-A866-1C9A29B8024D}.Release|Any CPU.Build.0 = Release|Any CPU
		{AC10DCB6-8797-4FBE-BE1E-974EB0EDBF12}.Debug|Any CPU.ActiveCfg = Debug|Any CPU
		{AC10DCB6-8797-4FBE-BE1E-974EB0EDBF12}.Debug|Any CPU.Build.0 = Debug|Any CPU
		{AC10DCB6-8797-4FBE-BE1E-974EB0EDBF12}.Release|Any CPU.ActiveCfg = Release|Any CPU
		{AC10DCB6-8797-4FBE-BE1E-974EB0EDBF12}.Release|Any CPU.Build.0 = Release|Any CPU
	EndGlobalSection
	GlobalSection(SolutionProperties) = preSolution
		HideSolutionNode = FALSE
	EndGlobalSection
	GlobalSection(ExtensibilityGlobals) = postSolution
		SolutionGuid = {D9007DF6-5803-4893-AD09-D1D0F734865F}
	EndGlobalSection
EndGlobal
