
Microsoft Visual Studio Solution File, Format Version 12.00
# Visual Studio 15
VisualStudioVersion = 15.0.27703.2000
MinimumVisualStudioVersion = 10.0.40219.1
Project("{FAE04EC0-301F-11D3-BF4B-00C04F79EFBC}") = "Problem001", "Problem001\Problem001.csproj", "{DFBC5A84-980F-4037-A866-1C9A29B8024D}"
EndProject
Project("{FAE04EC0-301F-11D3-BF4B-00C04F79EFBC}") = "Problem001.UnitTests", "Problem001.UnitTests\Problem001.UnitTests.csproj", "{AC10DCB6-8797-4FBE-BE1E-974EB0EDBF12}"
EndProject
Global
	GlobalSection(SolutionConfigurationPlatforms) = preSolution
		Debug|Any CPU = Debug|Any CPU
		Release|Any CPU = Release|Any CPU
	EndGlobalSection
	GlobalSection(ProjectConfigurationPlatforms) = postSolution
		{DFBC5A84-980F-4037-A866-1C9A29B8024D}.Debug|Any CPU.ActiveCfg = Debug|Any CPU
		{DFBC5A84-980F-4037-A866-1C9A29B8024D}.Debug|Any CPU.Build.0 = Debug|Any CPU
		{DFBC5A84-980F-4037-A866-1C9A29B8024D}.Release|Any CPU.ActiveCfg = Release|Any CPU
		{DFBC5A84-980F-4037-A866-1C9A29B8024D}.Release|Any CPU.Build.0 = Release|Any CPU
		{AC10DCB6-8797-4FBE-BE1E-974EB0EDBF12}.Debug|Any CPU.ActiveCfg = Debug|Any CPU
		{AC10DCB6-8797-4FBE-BE1E-974EB0EDBF12}.Debug|Any CPU.Build.0 = Debug|Any CPU
		{AC10DCB6-8797-4FBE-BE1E-974EB0EDBF12}.Release|Any CPU.ActiveCfg = Release|Any CPU
		{AC10DCB6-8797-4FBE-BE1E-974EB0EDBF12}.Release|Any CPU.Build.0 = Release|Any CPU
	EndGlobalSection
	GlobalSection(SolutionProperties) = preSolution
		HideSolutionNode = FALSE
	EndGlobalSection
	GlobalSection(ExtensibilityGlobals) = postSolution
		SolutionGuid = {D9007DF6-5803-4893-AD09-D1D0F734865F}
	EndGlobalSection
EndGlobal
